
Microsoft Visual Studio Solution File, Format Version 12.00
# Visual Studio Version 16
VisualStudioVersion = 16.0.28922.388
MinimumVisualStudioVersion = 10.0.40219.1
Project("{FAE04EC0-301F-11D3-BF4B-00C04F79EFBC}") = "ProjectGreedy", "ProjectGreedy\ProjectGreedy.csproj", "{20DD1CED-8898-48C1-BBB0-0E28C5510087}"
EndProject
Project("{FAE04EC0-301F-11D3-BF4B-00C04F79EFBC}") = "GreedyTest", "GreedyTest\GreedyTest.csproj", "{4DD939F3-63D1-497C-AC75-F04E7CC53450}"
EndProject
Global
	GlobalSection(SolutionConfigurationPlatforms) = preSolution
		Debug|Any CPU = Debug|Any CPU
		Release|Any CPU = Release|Any CPU
	EndGlobalSection
	GlobalSection(ProjectConfigurationPlatforms) = postSolution
		{20DD1CED-8898-48C1-BBB0-0E28C5510087}.Debug|Any CPU.ActiveCfg = Debug|Any CPU
		{20DD1CED-8898-48C1-BBB0-0E28C5510087}.Debug|Any CPU.Build.0 = Debug|Any CPU
		{20DD1CED-8898-48C1-BBB0-0E28C5510087}.Release|Any CPU.ActiveCfg = Release|Any CPU
		{20DD1CED-8898-48C1-BBB0-0E28C5510087}.Release|Any CPU.Build.0 = Release|Any CPU
		{4DD939F3-63D1-497C-AC75-F04E7CC53450}.Debug|Any CPU.ActiveCfg = Debug|Any CPU
		{4DD939F3-63D1-497C-AC75-F04E7CC53450}.Debug|Any CPU.Build.0 = Debug|Any CPU
		{4DD939F3-63D1-497C-AC75-F04E7CC53450}.Release|Any CPU.ActiveCfg = Release|Any CPU
		{4DD939F3-63D1-497C-AC75-F04E7CC53450}.Release|Any CPU.Build.0 = Release|Any CPU
	EndGlobalSection
	GlobalSection(SolutionProperties) = preSolution
		HideSolutionNode = FALSE
	EndGlobalSection
	GlobalSection(ExtensibilityGlobals) = postSolution
		SolutionGuid = {630704E4-86C0-47B8-9F25-4AC7139184FE}
	EndGlobalSection
EndGlobal
