
Microsoft Visual Studio Solution File, Format Version 12.00
# Visual Studio Version 16
VisualStudioVersion = 16.0.28922.388
MinimumVisualStudioVersion = 10.0.40219.1
Project("{FAE04EC0-301F-11D3-BF4B-00C04F79EFBC}") = "ProjectProgramersLevelMockTest", "ProjectProgramersLevelMockTest\ProjectProgramersLevelMockTest.csproj", "{C80162C2-6EBB-47EB-A844-1367A958FE42}"
EndProject
Project("{FAE04EC0-301F-11D3-BF4B-00C04F79EFBC}") = "ProjectProgramersLevelMockTestTest", "ProjectProgramersLevelMockTestTest\ProjectProgramersLevelMockTestTest.csproj", "{6B914566-2CB1-411F-9C20-336852918A9F}"
EndProject
Global
	GlobalSection(SolutionConfigurationPlatforms) = preSolution
		Debug|Any CPU = Debug|Any CPU
		Release|Any CPU = Release|Any CPU
	EndGlobalSection
	GlobalSection(ProjectConfigurationPlatforms) = postSolution
		{C80162C2-6EBB-47EB-A844-1367A958FE42}.Debug|Any CPU.ActiveCfg = Debug|Any CPU
		{C80162C2-6EBB-47EB-A844-1367A958FE42}.Debug|Any CPU.Build.0 = Debug|Any CPU
		{C80162C2-6EBB-47EB-A844-1367A958FE42}.Release|Any CPU.ActiveCfg = Release|Any CPU
		{C80162C2-6EBB-47EB-A844-1367A958FE42}.Release|Any CPU.Build.0 = Release|Any CPU
		{6B914566-2CB1-411F-9C20-336852918A9F}.Debug|Any CPU.ActiveCfg = Debug|Any CPU
		{6B914566-2CB1-411F-9C20-336852918A9F}.Debug|Any CPU.Build.0 = Debug|Any CPU
		{6B914566-2CB1-411F-9C20-336852918A9F}.Release|Any CPU.ActiveCfg = Release|Any CPU
		{6B914566-2CB1-411F-9C20-336852918A9F}.Release|Any CPU.Build.0 = Release|Any CPU
	EndGlobalSection
	GlobalSection(SolutionProperties) = preSolution
		HideSolutionNode = FALSE
	EndGlobalSection
	GlobalSection(ExtensibilityGlobals) = postSolution
		SolutionGuid = {440B3B91-A1D4-4F1D-A829-D376546D9681}
	EndGlobalSection
EndGlobal
