
Microsoft Visual Studio Solution File, Format Version 12.00
# Visual Studio Version 16
VisualStudioVersion = 16.0.28922.388
MinimumVisualStudioVersion = 10.0.40219.1
Project("{FAE04EC0-301F-11D3-BF4B-00C04F79EFBC}") = "PractiseSecretMap", "secretMap\PractiseSecretMap.csproj", "{AEA961D8-A5D3-4676-B7C1-41C2388F9B51}"
EndProject
Project("{FAE04EC0-301F-11D3-BF4B-00C04F79EFBC}") = "PractiseSecretMapTest", "secretMapTest\PractiseSecretMapTest.csproj", "{CAD58028-266B-458E-8A72-ED1CE48A8BA4}"
EndProject
Global
	GlobalSection(SolutionConfigurationPlatforms) = preSolution
		Debug|Any CPU = Debug|Any CPU
		Release|Any CPU = Release|Any CPU
	EndGlobalSection
	GlobalSection(ProjectConfigurationPlatforms) = postSolution
		{AEA961D8-A5D3-4676-B7C1-41C2388F9B51}.Debug|Any CPU.ActiveCfg = Debug|Any CPU
		{AEA961D8-A5D3-4676-B7C1-41C2388F9B51}.Debug|Any CPU.Build.0 = Debug|Any CPU
		{AEA961D8-A5D3-4676-B7C1-41C2388F9B51}.Release|Any CPU.ActiveCfg = Release|Any CPU
		{AEA961D8-A5D3-4676-B7C1-41C2388F9B51}.Release|Any CPU.Build.0 = Release|Any CPU
		{CAD58028-266B-458E-8A72-ED1CE48A8BA4}.Debug|Any CPU.ActiveCfg = Debug|Any CPU
		{CAD58028-266B-458E-8A72-ED1CE48A8BA4}.Debug|Any CPU.Build.0 = Debug|Any CPU
		{CAD58028-266B-458E-8A72-ED1CE48A8BA4}.Release|Any CPU.ActiveCfg = Release|Any CPU
		{CAD58028-266B-458E-8A72-ED1CE48A8BA4}.Release|Any CPU.Build.0 = Release|Any CPU
	EndGlobalSection
	GlobalSection(SolutionProperties) = preSolution
		HideSolutionNode = FALSE
	EndGlobalSection
	GlobalSection(ExtensibilityGlobals) = postSolution
		SolutionGuid = {38ED7140-2D72-4598-8C72-3924CE141100}
	EndGlobalSection
EndGlobal
