
Microsoft Visual Studio Solution File, Format Version 12.00
# Visual Studio Version 16
VisualStudioVersion = 16.0.28922.388
MinimumVisualStudioVersion = 10.0.40219.1
Project("{FAE04EC0-301F-11D3-BF4B-00C04F79EFBC}") = "ProjectNumberGame", "ProjectNumberGame\ProjectNumberGame.csproj", "{BE749095-C1D2-47AA-A991-88AC2DF63506}"
EndProject
Project("{FAE04EC0-301F-11D3-BF4B-00C04F79EFBC}") = "ProjectNumberGameTest", "ProjectNumberGameTest\ProjectNumberGameTest.csproj", "{BC390E3B-8F36-4298-B2F1-42A634715A6F}"
EndProject
Global
	GlobalSection(SolutionConfigurationPlatforms) = preSolution
		Debug|Any CPU = Debug|Any CPU
		Release|Any CPU = Release|Any CPU
	EndGlobalSection
	GlobalSection(ProjectConfigurationPlatforms) = postSolution
		{BE749095-C1D2-47AA-A991-88AC2DF63506}.Debug|Any CPU.ActiveCfg = Debug|Any CPU
		{BE749095-C1D2-47AA-A991-88AC2DF63506}.Debug|Any CPU.Build.0 = Debug|Any CPU
		{BE749095-C1D2-47AA-A991-88AC2DF63506}.Release|Any CPU.ActiveCfg = Release|Any CPU
		{BE749095-C1D2-47AA-A991-88AC2DF63506}.Release|Any CPU.Build.0 = Release|Any CPU
		{BC390E3B-8F36-4298-B2F1-42A634715A6F}.Debug|Any CPU.ActiveCfg = Debug|Any CPU
		{BC390E3B-8F36-4298-B2F1-42A634715A6F}.Debug|Any CPU.Build.0 = Debug|Any CPU
		{BC390E3B-8F36-4298-B2F1-42A634715A6F}.Release|Any CPU.ActiveCfg = Release|Any CPU
		{BC390E3B-8F36-4298-B2F1-42A634715A6F}.Release|Any CPU.Build.0 = Release|Any CPU
	EndGlobalSection
	GlobalSection(SolutionProperties) = preSolution
		HideSolutionNode = FALSE
	EndGlobalSection
	GlobalSection(ExtensibilityGlobals) = postSolution
		SolutionGuid = {C65213ED-BF08-4083-98A4-60431810A166}
	EndGlobalSection
EndGlobal
